// !$*UTF8*$!
{
	archiveVersion = 1;
	classes = {
	};
	objectVersion = 50;
	objects = {

/* Begin PBXBuildFile section */
		A8A8E10F261645A600F8CC83 /* AppDelegate.swift in Sources */ = {isa = PBXBuildFile; fileRef = A8A8E10E261645A600F8CC83 /* AppDelegate.swift */; };
		A8A8E111261645A600F8CC83 /* SceneDelegate.swift in Sources */ = {isa = PBXBuildFile; fileRef = A8A8E110261645A600F8CC83 /* SceneDelegate.swift */; };
		A8A8E113261645A600F8CC83 /* IntroductionViewController.swift in Sources */ = {isa = PBXBuildFile; fileRef = A8A8E112261645A600F8CC83 /* IntroductionViewController.swift */; };
		A8A8E116261645A600F8CC83 /* Main.storyboard in Resources */ = {isa = PBXBuildFile; fileRef = A8A8E114261645A600F8CC83 /* Main.storyboard */; };
		A8A8E118261645A800F8CC83 /* Assets.xcassets in Resources */ = {isa = PBXBuildFile; fileRef = A8A8E117261645A800F8CC83 /* Assets.xcassets */; };
		A8A8E11B261645A800F8CC83 /* LaunchScreen.storyboard in Resources */ = {isa = PBXBuildFile; fileRef = A8A8E119261645A800F8CC83 /* LaunchScreen.storyboard */; };
		A8A8E12D261652F700F8CC83 /* Question.swift in Sources */ = {isa = PBXBuildFile; fileRef = A8A8E12C261652F700F8CC83 /* Question.swift */; };
		A8E2B591261B842E009C718A /* QuestionsViewController.swift in Sources */ = {isa = PBXBuildFile; fileRef = A8E2B590261B842E009C718A /* QuestionsViewController.swift */; };
		A8E2B594261B843C009C718A /* ResultsViewController.swift in Sources */ = {isa = PBXBuildFile; fileRef = A8E2B593261B843C009C718A /* ResultsViewController.swift */; };
/* End PBXBuildFile section */

/* Begin PBXFileReference section */
		A8A8E10B261645A600F8CC83 /* PersonalQuiz.app */ = {isa = PBXFileReference; explicitFileType = wrapper.application; includeInIndex = 0; path = PersonalQuiz.app; sourceTree = BUILT_PRODUCTS_DIR; };
		A8A8E10E261645A600F8CC83 /* AppDelegate.swift */ = {isa = PBXFileReference; lastKnownFileType = sourcecode.swift; path = AppDelegate.swift; sourceTree = "<group>"; };
		A8A8E110261645A600F8CC83 /* SceneDelegate.swift */ = {isa = PBXFileReference; lastKnownFileType = sourcecode.swift; path = SceneDelegate.swift; sourceTree = "<group>"; };
		A8A8E112261645A600F8CC83 /* IntroductionViewController.swift */ = {isa = PBXFileReference; lastKnownFileType = sourcecode.swift; path = IntroductionViewController.swift; sourceTree = "<group>"; };
		A8A8E115261645A600F8CC83 /* Base */ = {isa = PBXFileReference; lastKnownFileType = file.storyboard; name = Base; path = Base.lproj/Main.storyboard; sourceTree = "<group>"; };
		A8A8E117261645A800F8CC83 /* Assets.xcassets */ = {isa = PBXFileReference; lastKnownFileType = folder.assetcatalog; path = Assets.xcassets; sourceTree = "<group>"; };
		A8A8E11A261645A800F8CC83 /* Base */ = {isa = PBXFileReference; lastKnownFileType = file.storyboard; name = Base; path = Base.lproj/LaunchScreen.storyboard; sourceTree = "<group>"; };
		A8A8E11C261645A800F8CC83 /* Info.plist */ = {isa = PBXFileReference; lastKnownFileType = text.plist.xml; path = Info.plist; sourceTree = "<group>"; };
		A8A8E12C261652F700F8CC83 /* Question.swift */ = {isa = PBXFileReference; lastKnownFileType = sourcecode.swift; path = Question.swift; sourceTree = "<group>"; };
		A8E2B590261B842E009C718A /* QuestionsViewController.swift */ = {isa = PBXFileReference; lastKnownFileType = sourcecode.swift; path = QuestionsViewController.swift; sourceTree = "<group>"; };
		A8E2B593261B843C009C718A /* ResultsViewController.swift */ = {isa = PBXFileReference; lastKnownFileType = sourcecode.swift; path = ResultsViewController.swift; sourceTree = "<group>"; };
/* End PBXFileReference section */

/* Begin PBXFrameworksBuildPhase section */
		A8A8E108261645A600F8CC83 /* Frameworks */ = {
			isa = PBXFrameworksBuildPhase;
			buildActionMask = 2147483647;
			files = (
			);
			runOnlyForDeploymentPostprocessing = 0;
		};
/* End PBXFrameworksBuildPhase section */

/* Begin PBXGroup section */
		A8A8E102261645A600F8CC83 = {
			isa = PBXGroup;
			children = (
				A8A8E10D261645A600F8CC83 /* PersonalQuiz */,
				A8A8E10C261645A600F8CC83 /* Products */,
			);
			sourceTree = "<group>";
		};
		A8A8E10C261645A600F8CC83 /* Products */ = {
			isa = PBXGroup;
			children = (
				A8A8E10B261645A600F8CC83 /* PersonalQuiz.app */,
			);
			name = Products;
			sourceTree = "<group>";
		};
		A8A8E10D261645A600F8CC83 /* PersonalQuiz */ = {
			isa = PBXGroup;
			children = (
				A8A8E1232616477500F8CC83 /* ViewControllers */,
				A8A8E125261647A500F8CC83 /* Models */,
				A8A8E126261647BA00F8CC83 /* Storyboards */,
				A8A8E128261647F100F8CC83 /* Supporting */,
				A8A8E127261647CD00F8CC83 /* Resources */,
			);
			path = PersonalQuiz;
			sourceTree = "<group>";
		};
		A8A8E1232616477500F8CC83 /* ViewControllers */ = {
			isa = PBXGroup;
			children = (
				A8A8E112261645A600F8CC83 /* IntroductionViewController.swift */,
				A8E2B590261B842E009C718A /* QuestionsViewController.swift */,
				A8E2B593261B843C009C718A /* ResultsViewController.swift */,
			);
			path = ViewControllers;
			sourceTree = "<group>";
		};
		A8A8E125261647A500F8CC83 /* Models */ = {
			isa = PBXGroup;
			children = (
				A8A8E12C261652F700F8CC83 /* Question.swift */,
			);
			path = Models;
			sourceTree = "<group>";
		};
		A8A8E126261647BA00F8CC83 /* Storyboards */ = {
			isa = PBXGroup;
			children = (
				A8A8E114261645A600F8CC83 /* Main.storyboard */,
				A8A8E119261645A800F8CC83 /* LaunchScreen.storyboard */,
			);
			path = Storyboards;
			sourceTree = "<group>";
		};
		A8A8E127261647CD00F8CC83 /* Resources */ = {
			isa = PBXGroup;
			children = (
				A8A8E117261645A800F8CC83 /* Assets.xcassets */,
			);
			path = Resources;
			sourceTree = "<group>";
		};
		A8A8E128261647F100F8CC83 /* Supporting */ = {
			isa = PBXGroup;
			children = (
				A8A8E10E261645A600F8CC83 /* AppDelegate.swift */,
				A8A8E110261645A600F8CC83 /* SceneDelegate.swift */,
				A8A8E11C261645A800F8CC83 /* Info.plist */,
			);
			path = Supporting;
			sourceTree = "<group>";
		};
/* End PBXGroup section */

/* Begin PBXNativeTarget section */
		A8A8E10A261645A600F8CC83 /* PersonalQuiz */ = {
			isa = PBXNativeTarget;
			buildConfigurationList = A8A8E11F261645A800F8CC83 /* Build configuration list for PBXNativeTarget "PersonalQuiz" */;
			buildPhases = (
				A8A8E107261645A600F8CC83 /* Sources */,
				A8A8E108261645A600F8CC83 /* Frameworks */,
				A8A8E109261645A600F8CC83 /* Resources */,
			);
			buildRules = (
			);
			dependencies = (
			);
			name = PersonalQuiz;
			productName = PersonalQuiz;
			productReference = A8A8E10B261645A600F8CC83 /* PersonalQuiz.app */;
			productType = "com.apple.product-type.application";
		};
/* End PBXNativeTarget section */

/* Begin PBXProject section */
		A8A8E103261645A600F8CC83 /* Project object */ = {
			isa = PBXProject;
			attributes = {
				LastSwiftUpdateCheck = 1240;
				LastUpgradeCheck = 1240;
				TargetAttributes = {
					A8A8E10A261645A600F8CC83 = {
						CreatedOnToolsVersion = 12.4;
					};
				};
			};
			buildConfigurationList = A8A8E106261645A600F8CC83 /* Build configuration list for PBXProject "PersonalQuiz" */;
			compatibilityVersion = "Xcode 9.3";
			developmentRegion = en;
			hasScannedForEncodings = 0;
			knownRegions = (
				en,
				Base,
			);
			mainGroup = A8A8E102261645A600F8CC83;
			productRefGroup = A8A8E10C261645A600F8CC83 /* Products */;
			projectDirPath = "";
			projectRoot = "";
			targets = (
				A8A8E10A261645A600F8CC83 /* PersonalQuiz */,
			);
		};
/* End PBXProject section */

/* Begin PBXResourcesBuildPhase section */
		A8A8E109261645A600F8CC83 /* Resources */ = {
			isa = PBXResourcesBuildPhase;
			buildActionMask = 2147483647;
			files = (
				A8A8E11B261645A800F8CC83 /* LaunchScreen.storyboard in Resources */,
				A8A8E118261645A800F8CC83 /* Assets.xcassets in Resources */,
				A8A8E116261645A600F8CC83 /* Main.storyboard in Resources */,
			);
			runOnlyForDeploymentPostprocessing = 0;
		};
/* End PBXResourcesBuildPhase section */

/* Begin PBXSourcesBuildPhase section */
		A8A8E107261645A600F8CC83 /* Sources */ = {
			isa = PBXSourcesBuildPhase;
			buildActionMask = 2147483647;
			files = (
				A8A8E113261645A600F8CC83 /* IntroductionViewController.swift in Sources */,
				A8E2B591261B842E009C718A /* QuestionsViewController.swift in Sources */,
				A8A8E12D261652F700F8CC83 /* Question.swift in Sources */,
				A8A8E10F261645A600F8CC83 /* AppDelegate.swift in Sources */,
				A8A8E111261645A600F8CC83 /* SceneDelegate.swift in Sources */,
				A8E2B594261B843C009C718A /* ResultsViewController.swift in Sources */,
			);
			runOnlyForDeploymentPostprocessing = 0;
		};
/* End PBXSourcesBuildPhase section */

/* Begin PBXVariantGroup section */
		A8A8E114261645A600F8CC83 /* Main.storyboard */ = {
			isa = PBXVariantGroup;
			children = (
				A8A8E115261645A600F8CC83 /* Base */,
			);
			name = Main.storyboard;
			sourceTree = "<group>";
		};
		A8A8E119261645A800F8CC83 /* LaunchScreen.storyboard */ = {
			isa = PBXVariantGroup;
			children = (
				A8A8E11A261645A800F8CC83 /* Base */,
			);
			name = LaunchScreen.storyboard;
			sourceTree = "<group>";
		};
/* End PBXVariantGroup section */

/* Begin XCBuildConfiguration section */
		A8A8E11D261645A800F8CC83 /* Debug */ = {
			isa = XCBuildConfiguration;
			buildSettings = {
				ALWAYS_SEARCH_USER_PATHS = NO;
				CLANG_ANALYZER_NONNULL = YES;
				CLANG_ANALYZER_NUMBER_OBJECT_CONVERSION = YES_AGGRESSIVE;
				CLANG_CXX_LANGUAGE_STANDARD = "gnu++14";
				CLANG_CXX_LIBRARY = "libc++";
				CLANG_ENABLE_MODULES = YES;
				CLANG_ENABLE_OBJC_ARC = YES;
				CLANG_ENABLE_OBJC_WEAK = YES;
				CLANG_WARN_BLOCK_CAPTURE_AUTORELEASING = YES;
				CLANG_WARN_BOOL_CONVERSION = YES;
				CLANG_WARN_COMMA = YES;
				CLANG_WARN_CONSTANT_CONVERSION = YES;
				CLANG_WARN_DEPRECATED_OBJC_IMPLEMENTATIONS = YES;
				CLANG_WARN_DIRECT_OBJC_ISA_USAGE = YES_ERROR;
				CLANG_WARN_DOCUMENTATION_COMMENTS = YES;
				CLANG_WARN_EMPTY_BODY = YES;
				CLANG_WARN_ENUM_CONVERSION = YES;
				CLANG_WARN_INFINITE_RECURSION = YES;
				CLANG_WARN_INT_CONVERSION = YES;
				CLANG_WARN_NON_LITERAL_NULL_CONVERSION = YES;
				CLANG_WARN_OBJC_IMPLICIT_RETAIN_SELF = YES;
				CLANG_WARN_OBJC_LITERAL_CONVERSION = YES;
				CLANG_WARN_OBJC_ROOT_CLASS = YES_ERROR;
				CLANG_WARN_QUOTED_INCLUDE_IN_FRAMEWORK_HEADER = YES;
				CLANG_WARN_RANGE_LOOP_ANALYSIS = YES;
				CLANG_WARN_STRICT_PROTOTYPES = YES;
				CLANG_WARN_SUSPICIOUS_MOVE = YES;
				CLANG_WARN_UNGUARDED_AVAILABILITY = YES_AGGRESSIVE;
				CLANG_WARN_UNREACHABLE_CODE = YES;
				CLANG_WARN__DUPLICATE_METHOD_MATCH = YES;
				COPY_PHASE_STRIP = NO;
				DEBUG_INFORMATION_FORMAT = dwarf;
				ENABLE_STRICT_OBJC_MSGSEND = YES;
				ENABLE_TESTABILITY = YES;
				GCC_C_LANGUAGE_STANDARD = gnu11;
				GCC_DYNAMIC_NO_PIC = NO;
				GCC_NO_COMMON_BLOCKS = YES;
				GCC_OPTIMIZATION_LEVEL = 0;
				GCC_PREPROCESSOR_DEFINITIONS = (
					"DEBUG=1",
					"$(inherited)",
				);
				GCC_WARN_64_TO_32_BIT_CONVERSION = YES;
				GCC_WARN_ABOUT_RETURN_TYPE = YES_ERROR;
				GCC_WARN_UNDECLARED_SELECTOR = YES;
				GCC_WARN_UNINITIALIZED_AUTOS = YES_AGGRESSIVE;
				GCC_WARN_UNUSED_FUNCTION = YES;
				GCC_WARN_UNUSED_VARIABLE = YES;
				IPHONEOS_DEPLOYMENT_TARGET = 14.4;
				MTL_ENABLE_DEBUG_INFO = INCLUDE_SOURCE;
				MTL_FAST_MATH = YES;
				ONLY_ACTIVE_ARCH = YES;
				SDKROOT = iphoneos;
				SWIFT_ACTIVE_COMPILATION_CONDITIONS = DEBUG;
				SWIFT_OPTIMIZATION_LEVEL = "-Onone";
			};
			name = Debug;
		};
		A8A8E11E261645A800F8CC83 /* Release */ = {
			isa = XCBuildConfiguration;
			buildSettings = {
				ALWAYS_SEARCH_USER_PATHS = NO;
				CLANG_ANALYZER_NONNULL = YES;
				CLANG_ANALYZER_NUMBER_OBJECT_CONVERSION = YES_AGGRESSIVE;
				CLANG_CXX_LANGUAGE_STANDARD = "gnu++14";
				CLANG_CXX_LIBRARY = "libc++";
				CLANG_ENABLE_MODULES = YES;
				CLANG_ENABLE_OBJC_ARC = YES;
				CLANG_ENABLE_OBJC_WEAK = YES;
				CLANG_WARN_BLOCK_CAPTURE_AUTORELEASING = YES;
				CLANG_WARN_BOOL_CONVERSION = YES;
				CLANG_WARN_COMMA = YES;
				CLANG_WARN_CONSTANT_CONVERSION = YES;
				CLANG_WARN_DEPRECATED_OBJC_IMPLEMENTATIONS = YES;
				CLANG_WARN_DIRECT_OBJC_ISA_USAGE = YES_ERROR;
				CLANG_WARN_DOCUMENTATION_COMMENTS = YES;
				CLANG_WARN_EMPTY_BODY = YES;
				CLANG_WARN_ENUM_CONVERSION = YES;
				CLANG_WARN_INFINITE_RECURSION = YES;
				CLANG_WARN_INT_CONVERSION = YES;
				CLANG_WARN_NON_LITERAL_NULL_CONVERSION = YES;
				CLANG_WARN_OBJC_IMPLICIT_RETAIN_SELF = YES;
				CLANG_WARN_OBJC_LITERAL_CONVERSION = YES;
				CLANG_WARN_OBJC_ROOT_CLASS = YES_ERROR;
				CLANG_WARN_QUOTED_INCLUDE_IN_FRAMEWORK_HEADER = YES;
				CLANG_WARN_RANGE_LOOP_ANALYSIS = YES;
				CLANG_WARN_STRICT_PROTOTYPES = YES;
				CLANG_WARN_SUSPICIOUS_MOVE = YES;
				CLANG_WARN_UNGUARDED_AVAILABILITY = YES_AGGRESSIVE;
				CLANG_WARN_UNREACHABLE_CODE = YES;
				CLANG_WARN__DUPLICATE_METHOD_MATCH = YES;
				COPY_PHASE_STRIP = NO;
				DEBUG_INFORMATION_FORMAT = "dwarf-with-dsym";
				ENABLE_NS_ASSERTIONS = NO;
				ENABLE_STRICT_OBJC_MSGSEND = YES;
				GCC_C_LANGUAGE_STANDARD = gnu11;
				GCC_NO_COMMON_BLOCKS = YES;
				GCC_WARN_64_TO_32_BIT_CONVERSION = YES;
				GCC_WARN_ABOUT_RETURN_TYPE = YES_ERROR;
				GCC_WARN_UNDECLARED_SELECTOR = YES;
				GCC_WARN_UNINITIALIZED_AUTOS = YES_AGGRESSIVE;
				GCC_WARN_UNUSED_FUNCTION = YES;
				GCC_WARN_UNUSED_VARIABLE = YES;
				IPHONEOS_DEPLOYMENT_TARGET = 14.4;
				MTL_ENABLE_DEBUG_INFO = NO;
				MTL_FAST_MATH = YES;
				SDKROOT = iphoneos;
				SWIFT_COMPILATION_MODE = wholemodule;
				SWIFT_OPTIMIZATION_LEVEL = "-O";
				VALIDATE_PRODUCT = YES;
			};
			name = Release;
		};
		A8A8E120261645A800F8CC83 /* Debug */ = {
			isa = XCBuildConfiguration;
			buildSettings = {
				ASSETCATALOG_COMPILER_APPICON_NAME = AppIcon;
				ASSETCATALOG_COMPILER_GLOBAL_ACCENT_COLOR_NAME = AccentColor;
				CODE_SIGN_STYLE = Automatic;
				DEVELOPMENT_TEAM = GBTTU32HS2;
				INFOPLIST_FILE = PersonalQuiz/Supporting/Info.plist;
				LD_RUNPATH_SEARCH_PATHS = (
					"$(inherited)",
					"@executable_path/Frameworks",
				);
				PRODUCT_BUNDLE_IDENTIFIER = ru.swiftbook.PersonalQuiz;
				PRODUCT_NAME = "$(TARGET_NAME)";
				SWIFT_VERSION = 5.0;
				TARGETED_DEVICE_FAMILY = "1,2";
			};
			name = Debug;
		};
		A8A8E121261645A800F8CC83 /* Release */ = {
			isa = XCBuildConfiguration;
			buildSettings = {
				ASSETCATALOG_COMPILER_APPICON_NAME = AppIcon;
				ASSETCATALOG_COMPILER_GLOBAL_ACCENT_COLOR_NAME = AccentColor;
				CODE_SIGN_STYLE = Automatic;
				DEVELOPMENT_TEAM = GBTTU32HS2;
				INFOPLIST_FILE = PersonalQuiz/Supporting/Info.plist;
				LD_RUNPATH_SEARCH_PATHS = (
					"$(inherited)",
					"@executable_path/Frameworks",
				);
				PRODUCT_BUNDLE_IDENTIFIER = ru.swiftbook.PersonalQuiz;
				PRODUCT_NAME = "$(TARGET_NAME)";
				SWIFT_VERSION = 5.0;
				TARGETED_DEVICE_FAMILY = "1,2";
			};
			name = Release;
		};
/* End XCBuildConfiguration section */

/* Begin XCConfigurationList section */
		A8A8E106261645A600F8CC83 /* Build configuration list for PBXProject "PersonalQuiz" */ = {
			isa = XCConfigurationList;
			buildConfigurations = (
				A8A8E11D261645A800F8CC83 /* Debug */,
				A8A8E11E261645A800F8CC83 /* Release */,
			);
			defaultConfigurationIsVisible = 0;
			defaultConfigurationName = Release;
		};
		A8A8E11F261645A800F8CC83 /* Build configuration list for PBXNativeTarget "PersonalQuiz" */ = {
			isa = XCConfigurationList;
			buildConfigurations = (
				A8A8E120261645A800F8CC83 /* Debug */,
				A8A8E121261645A800F8CC83 /* Release */,
			);
			defaultConfigurationIsVisible = 0;
			defaultConfigurationName = Release;
		};
/* End XCConfigurationList section */
	};
	rootObject = A8A8E103261645A600F8CC83 /* Project object */;
}
